
Microsoft Visual Studio Solution File, Format Version 12.00
# Visual Studio Version 17
VisualStudioVersion = 17.3.32901.215
MinimumVisualStudioVersion = 10.0.40219.1
Project("{9A19103F-16F7-4668-BE54-9A1E7A4F7556}") = "Chapter", "Chapter\Chapter.csproj", "{0F65712C-A410-4A78-B491-3950F192D58A}"
EndProject
Project("{FAE04EC0-301F-11D3-BF4B-00C04F79EFBC}") = "ProjetoChapter", "ProjetoChapter\ProjetoChapter.csproj", "{045B841C-21FC-4A1F-867D-18AC5127F58B}"
EndProject
Global
	GlobalSection(SolutionConfigurationPlatforms) = preSolution
		Debug|Any CPU = Debug|Any CPU
		Release|Any CPU = Release|Any CPU
	EndGlobalSection
	GlobalSection(ProjectConfigurationPlatforms) = postSolution
		{0F65712C-A410-4A78-B491-3950F192D58A}.Debug|Any CPU.ActiveCfg = Debug|Any CPU
		{0F65712C-A410-4A78-B491-3950F192D58A}.Debug|Any CPU.Build.0 = Debug|Any CPU
		{0F65712C-A410-4A78-B491-3950F192D58A}.Release|Any CPU.ActiveCfg = Release|Any CPU
		{0F65712C-A410-4A78-B491-3950F192D58A}.Release|Any CPU.Build.0 = Release|Any CPU
		{045B841C-21FC-4A1F-867D-18AC5127F58B}.Debug|Any CPU.ActiveCfg = Debug|Any CPU
		{045B841C-21FC-4A1F-867D-18AC5127F58B}.Debug|Any CPU.Build.0 = Debug|Any CPU
		{045B841C-21FC-4A1F-867D-18AC5127F58B}.Release|Any CPU.ActiveCfg = Release|Any CPU
		{045B841C-21FC-4A1F-867D-18AC5127F58B}.Release|Any CPU.Build.0 = Release|Any CPU
	EndGlobalSection
	GlobalSection(SolutionProperties) = preSolution
		HideSolutionNode = FALSE
	EndGlobalSection
	GlobalSection(ExtensibilityGlobals) = postSolution
		SolutionGuid = {F0C20AD6-0EB7-424B-B717-F193C1682819}
	EndGlobalSection
EndGlobal
